
Microsoft Visual Studio Solution File, Format Version 12.00
# Visual Studio Version 17
VisualStudioVersion = 17.4.33103.184
MinimumVisualStudioVersion = 10.0.40219.1
Project("{FAE04EC0-301F-11D3-BF4B-00C04F79EFBC}") = "2022", "ConsoleApp1\2022.csproj", "{6F89182C-24AA-4FED-85E9-F32D50AD7432}"
EndProject
Global
	GlobalSection(SolutionConfigurationPlatforms) = preSolution
		Debug|Any CPU = Debug|Any CPU
		Release|Any CPU = Release|Any CPU
	EndGlobalSection
	GlobalSection(ProjectConfigurationPlatforms) = postSolution
		{6F89182C-24AA-4FED-85E9-F32D50AD7432}.Debug|Any CPU.ActiveCfg = Debug|Any CPU
		{6F89182C-24AA-4FED-85E9-F32D50AD7432}.Debug|Any CPU.Build.0 = Debug|Any CPU
		{6F89182C-24AA-4FED-85E9-F32D50AD7432}.Release|Any CPU.ActiveCfg = Release|Any CPU
		{6F89182C-24AA-4FED-85E9-F32D50AD7432}.Release|Any CPU.Build.0 = Release|Any CPU
	EndGlobalSection
	GlobalSection(SolutionProperties) = preSolution
		HideSolutionNode = FALSE
	EndGlobalSection
	GlobalSection(ExtensibilityGlobals) = postSolution
		SolutionGuid = {1F3FEDCB-87C2-4A52-8167-AEF5AF7DFAE3}
	EndGlobalSection
EndGlobal
